// !$*UTF8*$!
{
	archiveVersion = 1;
	classes = {
	};
	objectVersion = 46;
	objects = {

/* Begin PBXBuildFile section */
		1593B3B622042E8A00626F4F /* HqTLVParseTests.m in Sources */ = {isa = PBXBuildFile; fileRef = 1593B3B522042E8A00626F4F /* HqTLVParseTests.m */; };
		8ED9193C1F3AE26600DCBD0F /* main.m in Sources */ = {isa = PBXBuildFile; fileRef = 8ED9193B1F3AE26600DCBD0F /* main.m */; };
		8ED9193F1F3AE26600DCBD0F /* AppDelegate.m in Sources */ = {isa = PBXBuildFile; fileRef = 8ED9193E1F3AE26600DCBD0F /* AppDelegate.m */; };
		8ED919421F3AE26600DCBD0F /* ViewController.m in Sources */ = {isa = PBXBuildFile; fileRef = 8ED919411F3AE26600DCBD0F /* ViewController.m */; };
		8ED919451F3AE26600DCBD0F /* Main.storyboard in Resources */ = {isa = PBXBuildFile; fileRef = 8ED919431F3AE26600DCBD0F /* Main.storyboard */; };
		8ED919471F3AE26600DCBD0F /* Assets.xcassets in Resources */ = {isa = PBXBuildFile; fileRef = 8ED919461F3AE26600DCBD0F /* Assets.xcassets */; };
		8ED9194A1F3AE26600DCBD0F /* LaunchScreen.storyboard in Resources */ = {isa = PBXBuildFile; fileRef = 8ED919481F3AE26600DCBD0F /* LaunchScreen.storyboard */; };
		8ED919531F3B02AD00DCBD0F /* HqTLVParse.m in Sources */ = {isa = PBXBuildFile; fileRef = 8ED919521F3B02AD00DCBD0F /* HqTLVParse.m */; };
/* End PBXBuildFile section */

/* Begin PBXContainerItemProxy section */
		1593B3B822042E8A00626F4F /* PBXContainerItemProxy */ = {
			isa = PBXContainerItemProxy;
			containerPortal = 8ED9192F1F3AE26600DCBD0F /* Project object */;
			proxyType = 1;
			remoteGlobalIDString = 8ED919361F3AE26600DCBD0F;
			remoteInfo = HqTLVParse;
		};
/* End PBXContainerItemProxy section */

/* Begin PBXFileReference section */
		1593B3B322042E8A00626F4F /* HqTLVParseTests.xctest */ = {isa = PBXFileReference; explicitFileType = wrapper.cfbundle; includeInIndex = 0; path = HqTLVParseTests.xctest; sourceTree = BUILT_PRODUCTS_DIR; };
		1593B3B522042E8A00626F4F /* HqTLVParseTests.m */ = {isa = PBXFileReference; lastKnownFileType = sourcecode.c.objc; path = HqTLVParseTests.m; sourceTree = "<group>"; };
		1593B3B722042E8A00626F4F /* Info.plist */ = {isa = PBXFileReference; lastKnownFileType = text.plist.xml; path = Info.plist; sourceTree = "<group>"; };
		8ED919371F3AE26600DCBD0F /* HqTLVParse.app */ = {isa = PBXFileReference; explicitFileType = wrapper.application; includeInIndex = 0; path = HqTLVParse.app; sourceTree = BUILT_PRODUCTS_DIR; };
		8ED9193B1F3AE26600DCBD0F /* main.m */ = {isa = PBXFileReference; lastKnownFileType = sourcecode.c.objc; path = main.m; sourceTree = "<group>"; };
		8ED9193D1F3AE26600DCBD0F /* AppDelegate.h */ = {isa = PBXFileReference; lastKnownFileType = sourcecode.c.h; path = AppDelegate.h; sourceTree = "<group>"; };
		8ED9193E1F3AE26600DCBD0F /* AppDelegate.m */ = {isa = PBXFileReference; lastKnownFileType = sourcecode.c.objc; path = AppDelegate.m; sourceTree = "<group>"; };
		8ED919401F3AE26600DCBD0F /* ViewController.h */ = {isa = PBXFileReference; lastKnownFileType = sourcecode.c.h; path = ViewController.h; sourceTree = "<group>"; };
		8ED919411F3AE26600DCBD0F /* ViewController.m */ = {isa = PBXFileReference; lastKnownFileType = sourcecode.c.objc; path = ViewController.m; sourceTree = "<group>"; };
		8ED919441F3AE26600DCBD0F /* Base */ = {isa = PBXFileReference; lastKnownFileType = file.storyboard; name = Base; path = Base.lproj/Main.storyboard; sourceTree = "<group>"; };
		8ED919461F3AE26600DCBD0F /* Assets.xcassets */ = {isa = PBXFileReference; lastKnownFileType = folder.assetcatalog; path = Assets.xcassets; sourceTree = "<group>"; };
		8ED919491F3AE26600DCBD0F /* Base */ = {isa = PBXFileReference; lastKnownFileType = file.storyboard; name = Base; path = Base.lproj/LaunchScreen.storyboard; sourceTree = "<group>"; };
		8ED9194B1F3AE26600DCBD0F /* Info.plist */ = {isa = PBXFileReference; lastKnownFileType = text.plist.xml; path = Info.plist; sourceTree = "<group>"; };
		8ED919511F3B02AD00DCBD0F /* HqTLVParse.h */ = {isa = PBXFileReference; fileEncoding = 4; lastKnownFileType = sourcecode.c.h; path = HqTLVParse.h; sourceTree = "<group>"; };
		8ED919521F3B02AD00DCBD0F /* HqTLVParse.m */ = {isa = PBXFileReference; fileEncoding = 4; lastKnownFileType = sourcecode.c.objc; path = HqTLVParse.m; sourceTree = "<group>"; };
/* End PBXFileReference section */

/* Begin PBXFrameworksBuildPhase section */
		1593B3B022042E8A00626F4F /* Frameworks */ = {
			isa = PBXFrameworksBuildPhase;
			buildActionMask = 2147483647;
			files = (
			);
			runOnlyForDeploymentPostprocessing = 0;
		};
		8ED919341F3AE26600DCBD0F /* Frameworks */ = {
			isa = PBXFrameworksBuildPhase;
			buildActionMask = 2147483647;
			files = (
			);
			runOnlyForDeploymentPostprocessing = 0;
		};
/* End PBXFrameworksBuildPhase section */

/* Begin PBXGroup section */
		1593B3B422042E8A00626F4F /* HqTLVParseTests */ = {
			isa = PBXGroup;
			children = (
				1593B3B522042E8A00626F4F /* HqTLVParseTests.m */,
				1593B3B722042E8A00626F4F /* Info.plist */,
			);
			path = HqTLVParseTests;
			sourceTree = "<group>";
		};
		8ED9192E1F3AE26600DCBD0F = {
			isa = PBXGroup;
			children = (
				8ED919391F3AE26600DCBD0F /* HqTLVParse */,
				1593B3B422042E8A00626F4F /* HqTLVParseTests */,
				8ED919381F3AE26600DCBD0F /* Products */,
			);
			sourceTree = "<group>";
		};
		8ED919381F3AE26600DCBD0F /* Products */ = {
			isa = PBXGroup;
			children = (
				8ED919371F3AE26600DCBD0F /* HqTLVParse.app */,
				1593B3B322042E8A00626F4F /* HqTLVParseTests.xctest */,
			);
			name = Products;
			sourceTree = "<group>";
		};
		8ED919391F3AE26600DCBD0F /* HqTLVParse */ = {
			isa = PBXGroup;
			children = (
				8ED9193D1F3AE26600DCBD0F /* AppDelegate.h */,
				8ED9193E1F3AE26600DCBD0F /* AppDelegate.m */,
				8ED919401F3AE26600DCBD0F /* ViewController.h */,
				8ED919411F3AE26600DCBD0F /* ViewController.m */,
				8ED919511F3B02AD00DCBD0F /* HqTLVParse.h */,
				8ED919521F3B02AD00DCBD0F /* HqTLVParse.m */,
				8ED919431F3AE26600DCBD0F /* Main.storyboard */,
				8ED919461F3AE26600DCBD0F /* Assets.xcassets */,
				8ED919481F3AE26600DCBD0F /* LaunchScreen.storyboard */,
				8ED9194B1F3AE26600DCBD0F /* Info.plist */,
				8ED9193A1F3AE26600DCBD0F /* Supporting Files */,
			);
			path = HqTLVParse;
			sourceTree = "<group>";
		};
		8ED9193A1F3AE26600DCBD0F /* Supporting Files */ = {
			isa = PBXGroup;
			children = (
				8ED9193B1F3AE26600DCBD0F /* main.m */,
			);
			name = "Supporting Files";
			sourceTree = "<group>";
		};
/* End PBXGroup section */

/* Begin PBXNativeTarget section */
		1593B3B222042E8A00626F4F /* HqTLVParseTests */ = {
			isa = PBXNativeTarget;
			buildConfigurationList = 1593B3BA22042E8A00626F4F /* Build configuration list for PBXNativeTarget "HqTLVParseTests" */;
			buildPhases = (
				1593B3AF22042E8A00626F4F /* Sources */,
				1593B3B022042E8A00626F4F /* Frameworks */,
				1593B3B122042E8A00626F4F /* Resources */,
			);
			buildRules = (
			);
			dependencies = (
				1593B3B922042E8A00626F4F /* PBXTargetDependency */,
			);
			name = HqTLVParseTests;
			productName = HqTLVParseTests;
			productReference = 1593B3B322042E8A00626F4F /* HqTLVParseTests.xctest */;
			productType = "com.apple.product-type.bundle.unit-test";
		};
		8ED919361F3AE26600DCBD0F /* HqTLVParse */ = {
			isa = PBXNativeTarget;
			buildConfigurationList = 8ED9194E1F3AE26600DCBD0F /* Build configuration list for PBXNativeTarget "HqTLVParse" */;
			buildPhases = (
				8ED919331F3AE26600DCBD0F /* Sources */,
				8ED919341F3AE26600DCBD0F /* Frameworks */,
				8ED919351F3AE26600DCBD0F /* Resources */,
			);
			buildRules = (
			);
			dependencies = (
			);
			name = HqTLVParse;
			productName = HqTLVParse;
			productReference = 8ED919371F3AE26600DCBD0F /* HqTLVParse.app */;
			productType = "com.apple.product-type.application";
		};
/* End PBXNativeTarget section */

/* Begin PBXProject section */
		8ED9192F1F3AE26600DCBD0F /* Project object */ = {
			isa = PBXProject;
			attributes = {
				LastUpgradeCheck = 0830;
				ORGANIZATIONNAME = macpro;
				TargetAttributes = {
					1593B3B222042E8A00626F4F = {
						CreatedOnToolsVersion = 10.1;
						ProvisioningStyle = Automatic;
						TestTargetID = 8ED919361F3AE26600DCBD0F;
					};
					8ED919361F3AE26600DCBD0F = {
						CreatedOnToolsVersion = 8.3.2;
						DevelopmentTeam = 7V926B465U;
						ProvisioningStyle = Automatic;
					};
				};
			};
			buildConfigurationList = 8ED919321F3AE26600DCBD0F /* Build configuration list for PBXProject "HqTLVParse" */;
			compatibilityVersion = "Xcode 3.2";
			developmentRegion = English;
			hasScannedForEncodings = 0;
			knownRegions = (
				en,
				Base,
			);
			mainGroup = 8ED9192E1F3AE26600DCBD0F;
			productRefGroup = 8ED919381F3AE26600DCBD0F /* Products */;
			projectDirPath = "";
			projectRoot = "";
			targets = (
				8ED919361F3AE26600DCBD0F /* HqTLVParse */,
				1593B3B222042E8A00626F4F /* HqTLVParseTests */,
			);
		};
/* End PBXProject section */

/* Begin PBXResourcesBuildPhase section */
		1593B3B122042E8A00626F4F /* Resources */ = {
			isa = PBXResourcesBuildPhase;
			buildActionMask = 2147483647;
			files = (
			);
			runOnlyForDeploymentPostprocessing = 0;
		};
		8ED919351F3AE26600DCBD0F /* Resources */ = {
			isa = PBXResourcesBuildPhase;
			buildActionMask = 2147483647;
			files = (
				8ED9194A1F3AE26600DCBD0F /* LaunchScreen.storyboard in Resources */,
				8ED919471F3AE26600DCBD0F /* Assets.xcassets in Resources */,
				8ED919451F3AE26600DCBD0F /* Main.storyboard in Resources */,
			);
			runOnlyForDeploymentPostprocessing = 0;
		};
/* End PBXResourcesBuildPhase section */

/* Begin PBXSourcesBuildPhase section */
		1593B3AF22042E8A00626F4F /* Sources */ = {
			isa = PBXSourcesBuildPhase;
			buildActionMask = 2147483647;
			files = (
				1593B3B622042E8A00626F4F /* HqTLVParseTests.m in Sources */,
			);
			runOnlyForDeploymentPostprocessing = 0;
		};
		8ED919331F3AE26600DCBD0F /* Sources */ = {
			isa = PBXSourcesBuildPhase;
			buildActionMask = 2147483647;
			files = (
				8ED919421F3AE26600DCBD0F /* ViewController.m in Sources */,
				8ED919531F3B02AD00DCBD0F /* HqTLVParse.m in Sources */,
				8ED9193F1F3AE26600DCBD0F /* AppDelegate.m in Sources */,
				8ED9193C1F3AE26600DCBD0F /* main.m in Sources */,
			);
			runOnlyForDeploymentPostprocessing = 0;
		};
/* End PBXSourcesBuildPhase section */

/* Begin PBXTargetDependency section */
		1593B3B922042E8A00626F4F /* PBXTargetDependency */ = {
			isa = PBXTargetDependency;
			target = 8ED919361F3AE26600DCBD0F /* HqTLVParse */;
			targetProxy = 1593B3B822042E8A00626F4F /* PBXContainerItemProxy */;
		};
/* End PBXTargetDependency section */

/* Begin PBXVariantGroup section */
		8ED919431F3AE26600DCBD0F /* Main.storyboard */ = {
			isa = PBXVariantGroup;
			children = (
				8ED919441F3AE26600DCBD0F /* Base */,
			);
			name = Main.storyboard;
			sourceTree = "<group>";
		};
		8ED919481F3AE26600DCBD0F /* LaunchScreen.storyboard */ = {
			isa = PBXVariantGroup;
			children = (
				8ED919491F3AE26600DCBD0F /* Base */,
			);
			name = LaunchScreen.storyboard;
			sourceTree = "<group>";
		};
/* End PBXVariantGroup section */

/* Begin XCBuildConfiguration section */
		1593B3BB22042E8A00626F4F /* Debug */ = {
			isa = XCBuildConfiguration;
			buildSettings = {
				BUNDLE_LOADER = "$(TEST_HOST)";
				CLANG_CXX_LANGUAGE_STANDARD = "gnu++14";
				CLANG_ENABLE_OBJC_WEAK = YES;
				CLANG_WARN_BLOCK_CAPTURE_AUTORELEASING = YES;
				CLANG_WARN_COMMA = YES;
				CLANG_WARN_DEPRECATED_OBJC_IMPLEMENTATIONS = YES;
				CLANG_WARN_NON_LITERAL_NULL_CONVERSION = YES;
				CLANG_WARN_OBJC_IMPLICIT_RETAIN_SELF = YES;
				CLANG_WARN_OBJC_LITERAL_CONVERSION = YES;
				CLANG_WARN_RANGE_LOOP_ANALYSIS = YES;
				CLANG_WARN_STRICT_PROTOTYPES = YES;
				CLANG_WARN_UNGUARDED_AVAILABILITY = YES_AGGRESSIVE;
				CODE_SIGN_IDENTITY = "iPhone Developer";
				CODE_SIGN_STYLE = Automatic;
				GCC_C_LANGUAGE_STANDARD = gnu11;
				INFOPLIST_FILE = HqTLVParseTests/Info.plist;
				IPHONEOS_DEPLOYMENT_TARGET = 12.1;
				LD_RUNPATH_SEARCH_PATHS = "$(inherited) @executable_path/Frameworks @loader_path/Frameworks";
				MTL_ENABLE_DEBUG_INFO = INCLUDE_SOURCE;
				MTL_FAST_MATH = YES;
				PRODUCT_BUNDLE_IDENTIFIER = com.hqq.com.HqTLVParseTests;
				PRODUCT_NAME = "$(TARGET_NAME)";
				TARGETED_DEVICE_FAMILY = "1,2";
				TEST_HOST = "$(BUILT_PRODUCTS_DIR)/HqTLVParse.app/HqTLVParse";
			};
			name = Debug;
		};
		1593B3BC22042E8A00626F4F /* Release */ = {
			isa = XCBuildConfiguration;
			buildSettings = {
				BUNDLE_LOADER = "$(TEST_HOST)";
				CLANG_CXX_LANGUAGE_STANDARD = "gnu++14";
				CLANG_ENABLE_OBJC_WEAK = YES;
				CLANG_WARN_BLOCK_CAPTURE_AUTORELEASING = YES;
				CLANG_WARN_COMMA = YES;
				CLANG_WARN_DEPRECATED_OBJC_IMPLEMENTATIONS = YES;
				CLANG_WARN_NON_LITERAL_NULL_CONVERSION = YES;
				CLANG_WARN_OBJC_IMPLICIT_RETAIN_SELF = YES;
				CLANG_WARN_OBJC_LITERAL_CONVERSION = YES;
				CLANG_WARN_RANGE_LOOP_ANALYSIS = YES;
				CLANG_WARN_STRICT_PROTOTYPES = YES;
				CLANG_WARN_UNGUARDED_AVAILABILITY = YES_AGGRESSIVE;
				CODE_SIGN_IDENTITY = "iPhone Developer";
				CODE_SIGN_STYLE = Automatic;
				GCC_C_LANGUAGE_STANDARD = gnu11;
				INFOPLIST_FILE = HqTLVParseTests/Info.plist;
				IPHONEOS_DEPLOYMENT_TARGET = 12.1;
				LD_RUNPATH_SEARCH_PATHS = "$(inherited) @executable_path/Frameworks @loader_path/Frameworks";
				MTL_FAST_MATH = YES;
				PRODUCT_BUNDLE_IDENTIFIER = com.hqq.com.HqTLVParseTests;
				PRODUCT_NAME = "$(TARGET_NAME)";
				TARGETED_DEVICE_FAMILY = "1,2";
				TEST_HOST = "$(BUILT_PRODUCTS_DIR)/HqTLVParse.app/HqTLVParse";
			};
			name = Release;
		};
		8ED9194C1F3AE26600DCBD0F /* Debug */ = {
			isa = XCBuildConfiguration;
			buildSettings = {
				ALWAYS_SEARCH_USER_PATHS = NO;
				CLANG_ANALYZER_NONNULL = YES;
				CLANG_ANALYZER_NUMBER_OBJECT_CONVERSION = YES_AGGRESSIVE;
				CLANG_CXX_LANGUAGE_STANDARD = "gnu++0x";
				CLANG_CXX_LIBRARY = "libc++";
				CLANG_ENABLE_MODULES = YES;
				CLANG_ENABLE_OBJC_ARC = YES;
				CLANG_WARN_BOOL_CONVERSION = YES;
				CLANG_WARN_CONSTANT_CONVERSION = YES;
				CLANG_WARN_DIRECT_OBJC_ISA_USAGE = YES_ERROR;
				CLANG_WARN_DOCUMENTATION_COMMENTS = YES;
				CLANG_WARN_EMPTY_BODY = YES;
				CLANG_WARN_ENUM_CONVERSION = YES;
				CLANG_WARN_INFINITE_RECURSION = YES;
				CLANG_WARN_INT_CONVERSION = YES;
				CLANG_WARN_OBJC_ROOT_CLASS = YES_ERROR;
				CLANG_WARN_SUSPICIOUS_MOVE = YES;
				CLANG_WARN_UNREACHABLE_CODE = YES;
				CLANG_WARN__DUPLICATE_METHOD_MATCH = YES;
				"CODE_SIGN_IDENTITY[sdk=iphoneos*]" = "iPhone Developer";
				COPY_PHASE_STRIP = NO;
				DEBUG_INFORMATION_FORMAT = dwarf;
				ENABLE_STRICT_OBJC_MSGSEND = YES;
				ENABLE_TESTABILITY = YES;
				GCC_C_LANGUAGE_STANDARD = gnu99;
				GCC_DYNAMIC_NO_PIC = NO;
				GCC_NO_COMMON_BLOCKS = YES;
				GCC_OPTIMIZATION_LEVEL = 0;
				GCC_PREPROCESSOR_DEFINITIONS = (
					"DEBUG=1",
					"$(inherited)",
				);
				GCC_WARN_64_TO_32_BIT_CONVERSION = YES;
				GCC_WARN_ABOUT_RETURN_TYPE = YES_ERROR;
				GCC_WARN_UNDECLARED_SELECTOR = YES;
				GCC_WARN_UNINITIALIZED_AUTOS = YES_AGGRESSIVE;
				GCC_WARN_UNUSED_FUNCTION = YES;
				GCC_WARN_UNUSED_VARIABLE = YES;
				IPHONEOS_DEPLOYMENT_TARGET = 10.3;
				MTL_ENABLE_DEBUG_INFO = YES;
				ONLY_ACTIVE_ARCH = YES;
				SDKROOT = iphoneos;
				TARGETED_DEVICE_FAMILY = "1,2";
			};
			name = Debug;
		};
		8ED9194D1F3AE26600DCBD0F /* Release */ = {
			isa = XCBuildConfiguration;
			buildSettings = {
				ALWAYS_SEARCH_USER_PATHS = NO;
				CLANG_ANALYZER_NONNULL = YES;
				CLANG_ANALYZER_NUMBER_OBJECT_CONVERSION = YES_AGGRESSIVE;
				CLANG_CXX_LANGUAGE_STANDARD = "gnu++0x";
				CLANG_CXX_LIBRARY = "libc++";
				CLANG_ENABLE_MODULES = YES;
				CLANG_ENABLE_OBJC_ARC = YES;
				CLANG_WARN_BOOL_CONVERSION = YES;
				CLANG_WARN_CONSTANT_CONVERSION = YES;
				CLANG_WARN_DIRECT_OBJC_ISA_USAGE = YES_ERROR;
				CLANG_WARN_DOCUMENTATION_COMMENTS = YES;
				CLANG_WARN_EMPTY_BODY = YES;
				CLANG_WARN_ENUM_CONVERSION = YES;
				CLANG_WARN_INFINITE_RECURSION = YES;
				CLANG_WARN_INT_CONVERSION = YES;
				CLANG_WARN_OBJC_ROOT_CLASS = YES_ERROR;
				CLANG_WARN_SUSPICIOUS_MOVE = YES;
				CLANG_WARN_UNREACHABLE_CODE = YES;
				CLANG_WARN__DUPLICATE_METHOD_MATCH = YES;
				"CODE_SIGN_IDENTITY[sdk=iphoneos*]" = "iPhone Developer";
				COPY_PHASE_STRIP = NO;
				DEBUG_INFORMATION_FORMAT = "dwarf-with-dsym";
				ENABLE_NS_ASSERTIONS = NO;
				ENABLE_STRICT_OBJC_MSGSEND = YES;
				GCC_C_LANGUAGE_STANDARD = gnu99;
				GCC_NO_COMMON_BLOCKS = YES;
				GCC_WARN_64_TO_32_BIT_CONVERSION = YES;
				GCC_WARN_ABOUT_RETURN_TYPE = YES_ERROR;
				GCC_WARN_UNDECLARED_SELECTOR = YES;
				GCC_WARN_UNINITIALIZED_AUTOS = YES_AGGRESSIVE;
				GCC_WARN_UNUSED_FUNCTION = YES;
				GCC_WARN_UNUSED_VARIABLE = YES;
				IPHONEOS_DEPLOYMENT_TARGET = 10.3;
				MTL_ENABLE_DEBUG_INFO = NO;
				SDKROOT = iphoneos;
				TARGETED_DEVICE_FAMILY = "1,2";
				VALIDATE_PRODUCT = YES;
			};
			name = Release;
		};
		8ED9194F1F3AE26600DCBD0F /* Debug */ = {
			isa = XCBuildConfiguration;
			buildSettings = {
				ASSETCATALOG_COMPILER_APPICON_NAME = AppIcon;
				DEVELOPMENT_TEAM = 7V926B465U;
				INFOPLIST_FILE = HqTLVParse/Info.plist;
				IPHONEOS_DEPLOYMENT_TARGET = 8.0;
				LD_RUNPATH_SEARCH_PATHS = "$(inherited) @executable_path/Frameworks";
				PRODUCT_BUNDLE_IDENTIFIER = com.hhq.HqTLVParse;
				PRODUCT_NAME = "$(TARGET_NAME)";
			};
			name = Debug;
		};
		8ED919501F3AE26600DCBD0F /* Release */ = {
			isa = XCBuildConfiguration;
			buildSettings = {
				ASSETCATALOG_COMPILER_APPICON_NAME = AppIcon;
				DEVELOPMENT_TEAM = 7V926B465U;
				INFOPLIST_FILE = HqTLVParse/Info.plist;
				IPHONEOS_DEPLOYMENT_TARGET = 8.0;
				LD_RUNPATH_SEARCH_PATHS = "$(inherited) @executable_path/Frameworks";
				PRODUCT_BUNDLE_IDENTIFIER = com.hhq.HqTLVParse;
				PRODUCT_NAME = "$(TARGET_NAME)";
			};
			name = Release;
		};
/* End XCBuildConfiguration section */

/* Begin XCConfigurationList section */
		1593B3BA22042E8A00626F4F /* Build configuration list for PBXNativeTarget "HqTLVParseTests" */ = {
			isa = XCConfigurationList;
			buildConfigurations = (
				1593B3BB22042E8A00626F4F /* Debug */,
				1593B3BC22042E8A00626F4F /* Release */,
			);
			defaultConfigurationIsVisible = 0;
			defaultConfigurationName = Release;
		};
		8ED919321F3AE26600DCBD0F /* Build configuration list for PBXProject "HqTLVParse" */ = {
			isa = XCConfigurationList;
			buildConfigurations = (
				8ED9194C1F3AE26600DCBD0F /* Debug */,
				8ED9194D1F3AE26600DCBD0F /* Release */,
			);
			defaultConfigurationIsVisible = 0;
			defaultConfigurationName = Release;
		};
		8ED9194E1F3AE26600DCBD0F /* Build configuration list for PBXNativeTarget "HqTLVParse" */ = {
			isa = XCConfigurationList;
			buildConfigurations = (
				8ED9194F1F3AE26600DCBD0F /* Debug */,
				8ED919501F3AE26600DCBD0F /* Release */,
			);
			defaultConfigurationIsVisible = 0;
			defaultConfigurationName = Release;
		};
/* End XCConfigurationList section */
	};
	rootObject = 8ED9192F1F3AE26600DCBD0F /* Project object */;
}
